// !$*UTF8*$!
{
	archiveVersion = 1;
	classes = {
	};
	objectVersion = 55;
	objects = {

/* Begin PBXBuildFile section */
		82FF322428D0BD36008CF607 /* Goodbye_WorldApp.swift in Sources */ = {isa = PBXBuildFile; fileRef = 82FF322328D0BD36008CF607 /* Goodbye_WorldApp.swift */; };
		82FF322628D0BD36008CF607 /* ContentView.swift in Sources */ = {isa = PBXBuildFile; fileRef = 82FF322528D0BD36008CF607 /* ContentView.swift */; };
		82FF322828D0BD37008CF607 /* Assets.xcassets in Resources */ = {isa = PBXBuildFile; fileRef = 82FF322728D0BD37008CF607 /* Assets.xcassets */; };
		82FF322B28D0BD37008CF607 /* Preview Assets.xcassets in Resources */ = {isa = PBXBuildFile; fileRef = 82FF322A28D0BD37008CF607 /* Preview Assets.xcassets */; };
		82FF323528D0BD37008CF607 /* Goodbye_WorldTests.swift in Sources */ = {isa = PBXBuildFile; fileRef = 82FF323428D0BD37008CF607 /* Goodbye_WorldTests.swift */; };
		82FF323F28D0BD37008CF607 /* Goodbye_WorldUITests.swift in Sources */ = {isa = PBXBuildFile; fileRef = 82FF323E28D0BD37008CF607 /* Goodbye_WorldUITests.swift */; };
		82FF324128D0BD37008CF607 /* Goodbye_WorldUITestsLaunchTests.swift in Sources */ = {isa = PBXBuildFile; fileRef = 82FF324028D0BD37008CF607 /* Goodbye_WorldUITestsLaunchTests.swift */; };
/* End PBXBuildFile section */

/* Begin PBXContainerItemProxy section */
		82FF323128D0BD37008CF607 /* PBXContainerItemProxy */ = {
			isa = PBXContainerItemProxy;
			containerPortal = 82FF321828D0BD36008CF607 /* Project object */;
			proxyType = 1;
			remoteGlobalIDString = 82FF321F28D0BD36008CF607;
			remoteInfo = "Goodbye World";
		};
		82FF323B28D0BD37008CF607 /* PBXContainerItemProxy */ = {
			isa = PBXContainerItemProxy;
			containerPortal = 82FF321828D0BD36008CF607 /* Project object */;
			proxyType = 1;
			remoteGlobalIDString = 82FF321F28D0BD36008CF607;
			remoteInfo = "Goodbye World";
		};
/* End PBXContainerItemProxy section */

/* Begin PBXFileReference section */
		82FF322028D0BD36008CF607 /* Goodbye World.app */ = {isa = PBXFileReference; explicitFileType = wrapper.application; includeInIndex = 0; path = "Goodbye World.app"; sourceTree = BUILT_PRODUCTS_DIR; };
		82FF322328D0BD36008CF607 /* Goodbye_WorldApp.swift */ = {isa = PBXFileReference; lastKnownFileType = sourcecode.swift; path = Goodbye_WorldApp.swift; sourceTree = "<group>"; };
		82FF322528D0BD36008CF607 /* ContentView.swift */ = {isa = PBXFileReference; lastKnownFileType = sourcecode.swift; path = ContentView.swift; sourceTree = "<group>"; };
		82FF322728D0BD37008CF607 /* Assets.xcassets */ = {isa = PBXFileReference; lastKnownFileType = folder.assetcatalog; path = Assets.xcassets; sourceTree = "<group>"; };
		82FF322A28D0BD37008CF607 /* Preview Assets.xcassets */ = {isa = PBXFileReference; lastKnownFileType = folder.assetcatalog; path = "Preview Assets.xcassets"; sourceTree = "<group>"; };
		82FF323028D0BD37008CF607 /* Goodbye WorldTests.xctest */ = {isa = PBXFileReference; explicitFileType = wrapper.cfbundle; includeInIndex = 0; path = "Goodbye WorldTests.xctest"; sourceTree = BUILT_PRODUCTS_DIR; };
		82FF323428D0BD37008CF607 /* Goodbye_WorldTests.swift */ = {isa = PBXFileReference; lastKnownFileType = sourcecode.swift; path = Goodbye_WorldTests.swift; sourceTree = "<group>"; };
		82FF323A28D0BD37008CF607 /* Goodbye WorldUITests.xctest */ = {isa = PBXFileReference; explicitFileType = wrapper.cfbundle; includeInIndex = 0; path = "Goodbye WorldUITests.xctest"; sourceTree = BUILT_PRODUCTS_DIR; };
		82FF323E28D0BD37008CF607 /* Goodbye_WorldUITests.swift */ = {isa = PBXFileReference; lastKnownFileType = sourcecode.swift; path = Goodbye_WorldUITests.swift; sourceTree = "<group>"; };
		82FF324028D0BD37008CF607 /* Goodbye_WorldUITestsLaunchTests.swift */ = {isa = PBXFileReference; lastKnownFileType = sourcecode.swift; path = Goodbye_WorldUITestsLaunchTests.swift; sourceTree = "<group>"; };
/* End PBXFileReference section */

/* Begin PBXFrameworksBuildPhase section */
		82FF321D28D0BD36008CF607 /* Frameworks */ = {
			isa = PBXFrameworksBuildPhase;
			buildActionMask = 2147483647;
			files = (
			);
			runOnlyForDeploymentPostprocessing = 0;
		};
		82FF322D28D0BD37008CF607 /* Frameworks */ = {
			isa = PBXFrameworksBuildPhase;
			buildActionMask = 2147483647;
			files = (
			);
			runOnlyForDeploymentPostprocessing = 0;
		};
		82FF323728D0BD37008CF607 /* Frameworks */ = {
			isa = PBXFrameworksBuildPhase;
			buildActionMask = 2147483647;
			files = (
			);
			runOnlyForDeploymentPostprocessing = 0;
		};
/* End PBXFrameworksBuildPhase section */

/* Begin PBXGroup section */
		82FF321728D0BD36008CF607 = {
			isa = PBXGroup;
			children = (
				82FF322228D0BD36008CF607 /* Goodbye World */,
				82FF323328D0BD37008CF607 /* Goodbye WorldTests */,
				82FF323D28D0BD37008CF607 /* Goodbye WorldUITests */,
				82FF322128D0BD36008CF607 /* Products */,
			);
			sourceTree = "<group>";
		};
		82FF322128D0BD36008CF607 /* Products */ = {
			isa = PBXGroup;
			children = (
				82FF322028D0BD36008CF607 /* Goodbye World.app */,
				82FF323028D0BD37008CF607 /* Goodbye WorldTests.xctest */,
				82FF323A28D0BD37008CF607 /* Goodbye WorldUITests.xctest */,
			);
			name = Products;
			sourceTree = "<group>";
		};
		82FF322228D0BD36008CF607 /* Goodbye World */ = {
			isa = PBXGroup;
			children = (
				82FF322328D0BD36008CF607 /* Goodbye_WorldApp.swift */,
				82FF322528D0BD36008CF607 /* ContentView.swift */,
				82FF322728D0BD37008CF607 /* Assets.xcassets */,
				82FF322928D0BD37008CF607 /* Preview Content */,
			);
			path = "Goodbye World";
			sourceTree = "<group>";
		};
		82FF322928D0BD37008CF607 /* Preview Content */ = {
			isa = PBXGroup;
			children = (
				82FF322A28D0BD37008CF607 /* Preview Assets.xcassets */,
			);
			path = "Preview Content";
			sourceTree = "<group>";
		};
		82FF323328D0BD37008CF607 /* Goodbye WorldTests */ = {
			isa = PBXGroup;
			children = (
				82FF323428D0BD37008CF607 /* Goodbye_WorldTests.swift */,
			);
			path = "Goodbye WorldTests";
			sourceTree = "<group>";
		};
		82FF323D28D0BD37008CF607 /* Goodbye WorldUITests */ = {
			isa = PBXGroup;
			children = (
				82FF323E28D0BD37008CF607 /* Goodbye_WorldUITests.swift */,
				82FF324028D0BD37008CF607 /* Goodbye_WorldUITestsLaunchTests.swift */,
			);
			path = "Goodbye WorldUITests";
			sourceTree = "<group>";
		};
/* End PBXGroup section */

/* Begin PBXNativeTarget section */
		82FF321F28D0BD36008CF607 /* Goodbye World */ = {
			isa = PBXNativeTarget;
			buildConfigurationList = 82FF324428D0BD37008CF607 /* Build configuration list for PBXNativeTarget "Goodbye World" */;
			buildPhases = (
				82FF321C28D0BD36008CF607 /* Sources */,
				82FF321D28D0BD36008CF607 /* Frameworks */,
				82FF321E28D0BD36008CF607 /* Resources */,
			);
			buildRules = (
			);
			dependencies = (
			);
			name = "Goodbye World";
			productName = "Goodbye World";
			productReference = 82FF322028D0BD36008CF607 /* Goodbye World.app */;
			productType = "com.apple.product-type.application";
		};
		82FF322F28D0BD37008CF607 /* Goodbye WorldTests */ = {
			isa = PBXNativeTarget;
			buildConfigurationList = 82FF324728D0BD37008CF607 /* Build configuration list for PBXNativeTarget "Goodbye WorldTests" */;
			buildPhases = (
				82FF322C28D0BD37008CF607 /* Sources */,
				82FF322D28D0BD37008CF607 /* Frameworks */,
				82FF322E28D0BD37008CF607 /* Resources */,
			);
			buildRules = (
			);
			dependencies = (
				82FF323228D0BD37008CF607 /* PBXTargetDependency */,
			);
			name = "Goodbye WorldTests";
			productName = "Goodbye WorldTests";
			productReference = 82FF323028D0BD37008CF607 /* Goodbye WorldTests.xctest */;
			productType = "com.apple.product-type.bundle.unit-test";
		};
		82FF323928D0BD37008CF607 /* Goodbye WorldUITests */ = {
			isa = PBXNativeTarget;
			buildConfigurationList = 82FF324A28D0BD37008CF607 /* Build configuration list for PBXNativeTarget "Goodbye WorldUITests" */;
			buildPhases = (
				82FF323628D0BD37008CF607 /* Sources */,
				82FF323728D0BD37008CF607 /* Frameworks */,
				82FF323828D0BD37008CF607 /* Resources */,
			);
			buildRules = (
			);
			dependencies = (
				82FF323C28D0BD37008CF607 /* PBXTargetDependency */,
			);
			name = "Goodbye WorldUITests";
			productName = "Goodbye WorldUITests";
			productReference = 82FF323A28D0BD37008CF607 /* Goodbye WorldUITests.xctest */;
			productType = "com.apple.product-type.bundle.ui-testing";
		};
/* End PBXNativeTarget section */

/* Begin PBXProject section */
		82FF321828D0BD36008CF607 /* Project object */ = {
			isa = PBXProject;
			attributes = {
				BuildIndependentTargetsInParallel = 1;
				LastSwiftUpdateCheck = 1300;
				LastUpgradeCheck = 1300;
				TargetAttributes = {
					82FF321F28D0BD36008CF607 = {
						CreatedOnToolsVersion = 13.0;
					};
					82FF322F28D0BD37008CF607 = {
						CreatedOnToolsVersion = 13.0;
						TestTargetID = 82FF321F28D0BD36008CF607;
					};
					82FF323928D0BD37008CF607 = {
						CreatedOnToolsVersion = 13.0;
						TestTargetID = 82FF321F28D0BD36008CF607;
					};
				};
			};
			buildConfigurationList = 82FF321B28D0BD36008CF607 /* Build configuration list for PBXProject "Goodbye World" */;
			compatibilityVersion = "Xcode 13.0";
			developmentRegion = en;
			hasScannedForEncodings = 0;
			knownRegions = (
				en,
				Base,
			);
			mainGroup = 82FF321728D0BD36008CF607;
			productRefGroup = 82FF322128D0BD36008CF607 /* Products */;
			projectDirPath = "";
			projectRoot = "";
			targets = (
				82FF321F28D0BD36008CF607 /* Goodbye World */,
				82FF322F28D0BD37008CF607 /* Goodbye WorldTests */,
				82FF323928D0BD37008CF607 /* Goodbye WorldUITests */,
			);
		};
/* End PBXProject section */

/* Begin PBXResourcesBuildPhase section */
		82FF321E28D0BD36008CF607 /* Resources */ = {
			isa = PBXResourcesBuildPhase;
			buildActionMask = 2147483647;
			files = (
				82FF322B28D0BD37008CF607 /* Preview Assets.xcassets in Resources */,
				82FF322828D0BD37008CF607 /* Assets.xcassets in Resources */,
			);
			runOnlyForDeploymentPostprocessing = 0;
		};
		82FF322E28D0BD37008CF607 /* Resources */ = {
			isa = PBXResourcesBuildPhase;
			buildActionMask = 2147483647;
			files = (
			);
			runOnlyForDeploymentPostprocessing = 0;
		};
		82FF323828D0BD37008CF607 /* Resources */ = {
			isa = PBXResourcesBuildPhase;
			buildActionMask = 2147483647;
			files = (
			);
			runOnlyForDeploymentPostprocessing = 0;
		};
/* End PBXResourcesBuildPhase section */

/* Begin PBXSourcesBuildPhase section */
		82FF321C28D0BD36008CF607 /* Sources */ = {
			isa = PBXSourcesBuildPhase;
			buildActionMask = 2147483647;
			files = (
				82FF322628D0BD36008CF607 /* ContentView.swift in Sources */,
				82FF322428D0BD36008CF607 /* Goodbye_WorldApp.swift in Sources */,
			);
			runOnlyForDeploymentPostprocessing = 0;
		};
		82FF322C28D0BD37008CF607 /* Sources */ = {
			isa = PBXSourcesBuildPhase;
			buildActionMask = 2147483647;
			files = (
				82FF323528D0BD37008CF607 /* Goodbye_WorldTests.swift in Sources */,
			);
			runOnlyForDeploymentPostprocessing = 0;
		};
		82FF323628D0BD37008CF607 /* Sources */ = {
			isa = PBXSourcesBuildPhase;
			buildActionMask = 2147483647;
			files = (
				82FF323F28D0BD37008CF607 /* Goodbye_WorldUITests.swift in Sources */,
				82FF324128D0BD37008CF607 /* Goodbye_WorldUITestsLaunchTests.swift in Sources */,
			);
			runOnlyForDeploymentPostprocessing = 0;
		};
/* End PBXSourcesBuildPhase section */

/* Begin PBXTargetDependency section */
		82FF323228D0BD37008CF607 /* PBXTargetDependency */ = {
			isa = PBXTargetDependency;
			target = 82FF321F28D0BD36008CF607 /* Goodbye World */;
			targetProxy = 82FF323128D0BD37008CF607 /* PBXContainerItemProxy */;
		};
		82FF323C28D0BD37008CF607 /* PBXTargetDependency */ = {
			isa = PBXTargetDependency;
			target = 82FF321F28D0BD36008CF607 /* Goodbye World */;
			targetProxy = 82FF323B28D0BD37008CF607 /* PBXContainerItemProxy */;
		};
/* End PBXTargetDependency section */

/* Begin XCBuildConfiguration section */
		82FF324228D0BD37008CF607 /* Debug */ = {
			isa = XCBuildConfiguration;
			buildSettings = {
				ALWAYS_SEARCH_USER_PATHS = NO;
				CLANG_ANALYZER_NONNULL = YES;
				CLANG_ANALYZER_NUMBER_OBJECT_CONVERSION = YES_AGGRESSIVE;
				CLANG_CXX_LANGUAGE_STANDARD = "gnu++17";
				CLANG_CXX_LIBRARY = "libc++";
				CLANG_ENABLE_MODULES = YES;
				CLANG_ENABLE_OBJC_ARC = YES;
				CLANG_ENABLE_OBJC_WEAK = YES;
				CLANG_WARN_BLOCK_CAPTURE_AUTORELEASING = YES;
				CLANG_WARN_BOOL_CONVERSION = YES;
				CLANG_WARN_COMMA = YES;
				CLANG_WARN_CONSTANT_CONVERSION = YES;
				CLANG_WARN_DEPRECATED_OBJC_IMPLEMENTATIONS = YES;
				CLANG_WARN_DIRECT_OBJC_ISA_USAGE = YES_ERROR;
				CLANG_WARN_DOCUMENTATION_COMMENTS = YES;
				CLANG_WARN_EMPTY_BODY = YES;
				CLANG_WARN_ENUM_CONVERSION = YES;
				CLANG_WARN_INFINITE_RECURSION = YES;
				CLANG_WARN_INT_CONVERSION = YES;
				CLANG_WARN_NON_LITERAL_NULL_CONVERSION = YES;
				CLANG_WARN_OBJC_IMPLICIT_RETAIN_SELF = YES;
				CLANG_WARN_OBJC_LITERAL_CONVERSION = YES;
				CLANG_WARN_OBJC_ROOT_CLASS = YES_ERROR;
				CLANG_WARN_QUOTED_INCLUDE_IN_FRAMEWORK_HEADER = YES;
				CLANG_WARN_RANGE_LOOP_ANALYSIS = YES;
				CLANG_WARN_STRICT_PROTOTYPES = YES;
				CLANG_WARN_SUSPICIOUS_MOVE = YES;
				CLANG_WARN_UNGUARDED_AVAILABILITY = YES_AGGRESSIVE;
				CLANG_WARN_UNREACHABLE_CODE = YES;
				CLANG_WARN__DUPLICATE_METHOD_MATCH = YES;
				COPY_PHASE_STRIP = NO;
				DEBUG_INFORMATION_FORMAT = dwarf;
				ENABLE_STRICT_OBJC_MSGSEND = YES;
				ENABLE_TESTABILITY = YES;
				GCC_C_LANGUAGE_STANDARD = gnu11;
				GCC_DYNAMIC_NO_PIC = NO;
				GCC_NO_COMMON_BLOCKS = YES;
				GCC_OPTIMIZATION_LEVEL = 0;
				GCC_PREPROCESSOR_DEFINITIONS = (
					"DEBUG=1",
					"$(inherited)",
				);
				GCC_WARN_64_TO_32_BIT_CONVERSION = YES;
				GCC_WARN_ABOUT_RETURN_TYPE = YES_ERROR;
				GCC_WARN_UNDECLARED_SELECTOR = YES;
				GCC_WARN_UNINITIALIZED_AUTOS = YES_AGGRESSIVE;
				GCC_WARN_UNUSED_FUNCTION = YES;
				GCC_WARN_UNUSED_VARIABLE = YES;
				IPHONEOS_DEPLOYMENT_TARGET = 15.0;
				MTL_ENABLE_DEBUG_INFO = INCLUDE_SOURCE;
				MTL_FAST_MATH = YES;
				ONLY_ACTIVE_ARCH = YES;
				SDKROOT = iphoneos;
				SWIFT_ACTIVE_COMPILATION_CONDITIONS = DEBUG;
				SWIFT_OPTIMIZATION_LEVEL = "-Onone";
			};
			name = Debug;
		};
		82FF324328D0BD37008CF607 /* Release */ = {
			isa = XCBuildConfiguration;
			buildSettings = {
				ALWAYS_SEARCH_USER_PATHS = NO;
				CLANG_ANALYZER_NONNULL = YES;
				CLANG_ANALYZER_NUMBER_OBJECT_CONVERSION = YES_AGGRESSIVE;
				CLANG_CXX_LANGUAGE_STANDARD = "gnu++17";
				CLANG_CXX_LIBRARY = "libc++";
				CLANG_ENABLE_MODULES = YES;
				CLANG_ENABLE_OBJC_ARC = YES;
				CLANG_ENABLE_OBJC_WEAK = YES;
				CLANG_WARN_BLOCK_CAPTURE_AUTORELEASING = YES;
				CLANG_WARN_BOOL_CONVERSION = YES;
				CLANG_WARN_COMMA = YES;
				CLANG_WARN_CONSTANT_CONVERSION = YES;
				CLANG_WARN_DEPRECATED_OBJC_IMPLEMENTATIONS = YES;
				CLANG_WARN_DIRECT_OBJC_ISA_USAGE = YES_ERROR;
				CLANG_WARN_DOCUMENTATION_COMMENTS = YES;
				CLANG_WARN_EMPTY_BODY = YES;
				CLANG_WARN_ENUM_CONVERSION = YES;
				CLANG_WARN_INFINITE_RECURSION = YES;
				CLANG_WARN_INT_CONVERSION = YES;
				CLANG_WARN_NON_LITERAL_NULL_CONVERSION = YES;
				CLANG_WARN_OBJC_IMPLICIT_RETAIN_SELF = YES;
				CLANG_WARN_OBJC_LITERAL_CONVERSION = YES;
				CLANG_WARN_OBJC_ROOT_CLASS = YES_ERROR;
				CLANG_WARN_QUOTED_INCLUDE_IN_FRAMEWORK_HEADER = YES;
				CLANG_WARN_RANGE_LOOP_ANALYSIS = YES;
				CLANG_WARN_STRICT_PROTOTYPES = YES;
				CLANG_WARN_SUSPICIOUS_MOVE = YES;
				CLANG_WARN_UNGUARDED_AVAILABILITY = YES_AGGRESSIVE;
				CLANG_WARN_UNREACHABLE_CODE = YES;
				CLANG_WARN__DUPLICATE_METHOD_MATCH = YES;
				COPY_PHASE_STRIP = NO;
				DEBUG_INFORMATION_FORMAT = "dwarf-with-dsym";
				ENABLE_NS_ASSERTIONS = NO;
				ENABLE_STRICT_OBJC_MSGSEND = YES;
				GCC_C_LANGUAGE_STANDARD = gnu11;
				GCC_NO_COMMON_BLOCKS = YES;
				GCC_WARN_64_TO_32_BIT_CONVERSION = YES;
				GCC_WARN_ABOUT_RETURN_TYPE = YES_ERROR;
				GCC_WARN_UNDECLARED_SELECTOR = YES;
				GCC_WARN_UNINITIALIZED_AUTOS = YES_AGGRESSIVE;
				GCC_WARN_UNUSED_FUNCTION = YES;
				GCC_WARN_UNUSED_VARIABLE = YES;
				IPHONEOS_DEPLOYMENT_TARGET = 15.0;
				MTL_ENABLE_DEBUG_INFO = NO;
				MTL_FAST_MATH = YES;
				SDKROOT = iphoneos;
				SWIFT_COMPILATION_MODE = wholemodule;
				SWIFT_OPTIMIZATION_LEVEL = "-O";
				VALIDATE_PRODUCT = YES;
			};
			name = Release;
		};
		82FF324528D0BD37008CF607 /* Debug */ = {
			isa = XCBuildConfiguration;
			buildSettings = {
				ASSETCATALOG_COMPILER_APPICON_NAME = AppIcon;
				ASSETCATALOG_COMPILER_GLOBAL_ACCENT_COLOR_NAME = AccentColor;
				CODE_SIGN_STYLE = Automatic;
				CURRENT_PROJECT_VERSION = 1;
				DEVELOPMENT_ASSET_PATHS = "\"Goodbye World/Preview Content\"";
				ENABLE_PREVIEWS = YES;
				GENERATE_INFOPLIST_FILE = YES;
				INFOPLIST_KEY_UIApplicationSceneManifest_Generation = YES;
				INFOPLIST_KEY_UIApplicationSupportsIndirectInputEvents = YES;
				INFOPLIST_KEY_UILaunchScreen_Generation = YES;
				INFOPLIST_KEY_UISupportedInterfaceOrientations_iPad = "UIInterfaceOrientationPortrait UIInterfaceOrientationPortraitUpsideDown UIInterfaceOrientationLandscapeLeft UIInterfaceOrientationLandscapeRight";
				INFOPLIST_KEY_UISupportedInterfaceOrientations_iPhone = "UIInterfaceOrientationPortrait UIInterfaceOrientationLandscapeLeft UIInterfaceOrientationLandscapeRight";
				IPHONEOS_DEPLOYMENT_TARGET = 15.0;
				LD_RUNPATH_SEARCH_PATHS = (
					"$(inherited)",
					"@executable_path/Frameworks",
				);
				MARKETING_VERSION = 1.0;
				PRODUCT_BUNDLE_IDENTIFIER = "com.voidprojects.goodbye-world.Goodbye-World";
				PRODUCT_NAME = "$(TARGET_NAME)";
				SWIFT_EMIT_LOC_STRINGS = YES;
				SWIFT_VERSION = 5.0;
				TARGETED_DEVICE_FAMILY = "1,2";
			};
			name = Debug;
		};
		82FF324628D0BD37008CF607 /* Release */ = {
			isa = XCBuildConfiguration;
			buildSettings = {
				ASSETCATALOG_COMPILER_APPICON_NAME = AppIcon;
				ASSETCATALOG_COMPILER_GLOBAL_ACCENT_COLOR_NAME = AccentColor;
				CODE_SIGN_STYLE = Automatic;
				CURRENT_PROJECT_VERSION = 1;
				DEVELOPMENT_ASSET_PATHS = "\"Goodbye World/Preview Content\"";
				ENABLE_PREVIEWS = YES;
				GENERATE_INFOPLIST_FILE = YES;
				INFOPLIST_KEY_UIApplicationSceneManifest_Generation = YES;
				INFOPLIST_KEY_UIApplicationSupportsIndirectInputEvents = YES;
				INFOPLIST_KEY_UILaunchScreen_Generation = YES;
				INFOPLIST_KEY_UISupportedInterfaceOrientations_iPad = "UIInterfaceOrientationPortrait UIInterfaceOrientationPortraitUpsideDown UIInterfaceOrientationLandscapeLeft UIInterfaceOrientationLandscapeRight";
				INFOPLIST_KEY_UISupportedInterfaceOrientations_iPhone = "UIInterfaceOrientationPortrait UIInterfaceOrientationLandscapeLeft UIInterfaceOrientationLandscapeRight";
				IPHONEOS_DEPLOYMENT_TARGET = 15.0;
				LD_RUNPATH_SEARCH_PATHS = (
					"$(inherited)",
					"@executable_path/Frameworks",
				);
				MARKETING_VERSION = 1.0;
				PRODUCT_BUNDLE_IDENTIFIER = "com.voidprojects.goodbye-world.Goodbye-World";
				PRODUCT_NAME = "$(TARGET_NAME)";
				SWIFT_EMIT_LOC_STRINGS = YES;
				SWIFT_VERSION = 5.0;
				TARGETED_DEVICE_FAMILY = "1,2";
			};
			name = Release;
		};
		82FF324828D0BD37008CF607 /* Debug */ = {
			isa = XCBuildConfiguration;
			buildSettings = {
				ALWAYS_EMBED_SWIFT_STANDARD_LIBRARIES = YES;
				BUNDLE_LOADER = "$(TEST_HOST)";
				CODE_SIGN_STYLE = Automatic;
				CURRENT_PROJECT_VERSION = 1;
				GENERATE_INFOPLIST_FILE = YES;
				IPHONEOS_DEPLOYMENT_TARGET = 14.0;
				LD_RUNPATH_SEARCH_PATHS = (
					"$(inherited)",
					"@executable_path/Frameworks",
					"@loader_path/Frameworks",
				);
				MARKETING_VERSION = 1.0;
				PRODUCT_BUNDLE_IDENTIFIER = "com.voidprojects.goodbye-world.Goodbye-WorldTests";
				PRODUCT_NAME = "$(TARGET_NAME)";
				SWIFT_EMIT_LOC_STRINGS = NO;
				SWIFT_VERSION = 5.0;
				TARGETED_DEVICE_FAMILY = "1,2";
				TEST_HOST = "$(BUILT_PRODUCTS_DIR)/Goodbye World.app/Goodbye World";
			};
			name = Debug;
		};
		82FF324928D0BD37008CF607 /* Release */ = {
			isa = XCBuildConfiguration;
			buildSettings = {
				ALWAYS_EMBED_SWIFT_STANDARD_LIBRARIES = YES;
				BUNDLE_LOADER = "$(TEST_HOST)";
				CODE_SIGN_STYLE = Automatic;
				CURRENT_PROJECT_VERSION = 1;
				GENERATE_INFOPLIST_FILE = YES;
				IPHONEOS_DEPLOYMENT_TARGET = 14.0;
				LD_RUNPATH_SEARCH_PATHS = (
					"$(inherited)",
					"@executable_path/Frameworks",
					"@loader_path/Frameworks",
				);
				MARKETING_VERSION = 1.0;
				PRODUCT_BUNDLE_IDENTIFIER = "com.voidprojects.goodbye-world.Goodbye-WorldTests";
				PRODUCT_NAME = "$(TARGET_NAME)";
				SWIFT_EMIT_LOC_STRINGS = NO;
				SWIFT_VERSION = 5.0;
				TARGETED_DEVICE_FAMILY = "1,2";
				TEST_HOST = "$(BUILT_PRODUCTS_DIR)/Goodbye World.app/Goodbye World";
			};
			name = Release;
		};
		82FF324B28D0BD37008CF607 /* Debug */ = {
			isa = XCBuildConfiguration;
			buildSettings = {
				ALWAYS_EMBED_SWIFT_STANDARD_LIBRARIES = YES;
				CODE_SIGN_STYLE = Automatic;
				CURRENT_PROJECT_VERSION = 1;
				GENERATE_INFOPLIST_FILE = YES;
				LD_RUNPATH_SEARCH_PATHS = (
					"$(inherited)",
					"@executable_path/Frameworks",
					"@loader_path/Frameworks",
				);
				MARKETING_VERSION = 1.0;
				PRODUCT_BUNDLE_IDENTIFIER = "com.voidprojects.goodbye-world.Goodbye-WorldUITests";
				PRODUCT_NAME = "$(TARGET_NAME)";
				SWIFT_EMIT_LOC_STRINGS = NO;
				SWIFT_VERSION = 5.0;
				TARGETED_DEVICE_FAMILY = "1,2";
				TEST_TARGET_NAME = "Goodbye World";
			};
			name = Debug;
		};
		82FF324C28D0BD37008CF607 /* Release */ = {
			isa = XCBuildConfiguration;
			buildSettings = {
				ALWAYS_EMBED_SWIFT_STANDARD_LIBRARIES = YES;
				CODE_SIGN_STYLE = Automatic;
				CURRENT_PROJECT_VERSION = 1;
				GENERATE_INFOPLIST_FILE = YES;
				LD_RUNPATH_SEARCH_PATHS = (
					"$(inherited)",
					"@executable_path/Frameworks",
					"@loader_path/Frameworks",
				);
				MARKETING_VERSION = 1.0;
				PRODUCT_BUNDLE_IDENTIFIER = "com.voidprojects.goodbye-world.Goodbye-WorldUITests";
				PRODUCT_NAME = "$(TARGET_NAME)";
				SWIFT_EMIT_LOC_STRINGS = NO;
				SWIFT_VERSION = 5.0;
				TARGETED_DEVICE_FAMILY = "1,2";
				TEST_TARGET_NAME = "Goodbye World";
			};
			name = Release;
		};
/* End XCBuildConfiguration section */

/* Begin XCConfigurationList section */
		82FF321B28D0BD36008CF607 /* Build configuration list for PBXProject "Goodbye World" */ = {
			isa = XCConfigurationList;
			buildConfigurations = (
				82FF324228D0BD37008CF607 /* Debug */,
				82FF324328D0BD37008CF607 /* Release */,
			);
			defaultConfigurationIsVisible = 0;
			defaultConfigurationName = Release;
		};
		82FF324428D0BD37008CF607 /* Build configuration list for PBXNativeTarget "Goodbye World" */ = {
			isa = XCConfigurationList;
			buildConfigurations = (
				82FF324528D0BD37008CF607 /* Debug */,
				82FF324628D0BD37008CF607 /* Release */,
			);
			defaultConfigurationIsVisible = 0;
			defaultConfigurationName = Release;
		};
		82FF324728D0BD37008CF607 /* Build configuration list for PBXNativeTarget "Goodbye WorldTests" */ = {
			isa = XCConfigurationList;
			buildConfigurations = (
				82FF324828D0BD37008CF607 /* Debug */,
				82FF324928D0BD37008CF607 /* Release */,
			);
			defaultConfigurationIsVisible = 0;
			defaultConfigurationName = Release;
		};
		82FF324A28D0BD37008CF607 /* Build configuration list for PBXNativeTarget "Goodbye WorldUITests" */ = {
			isa = XCConfigurationList;
			buildConfigurations = (
				82FF324B28D0BD37008CF607 /* Debug */,
				82FF324C28D0BD37008CF607 /* Release */,
			);
			defaultConfigurationIsVisible = 0;
			defaultConfigurationName = Release;
		};
/* End XCConfigurationList section */
	};
	rootObject = 82FF321828D0BD36008CF607 /* Project object */;
}
