// !$*UTF8*$!
{
	archiveVersion = 1;
	classes = {
	};
	objectVersion = 55;
	objects = {

/* Begin PBXBuildFile section */
		82FF325A28D0CFA7008CF607 /* VoidProject_GoodbyeWorldApp.swift in Sources */ = {isa = PBXBuildFile; fileRef = 82FF325928D0CFA7008CF607 /* VoidProject_GoodbyeWorldApp.swift */; };
		82FF325C28D0CFA7008CF607 /* ContentView.swift in Sources */ = {isa = PBXBuildFile; fileRef = 82FF325B28D0CFA7008CF607 /* ContentView.swift */; };
		82FF325E28D0CFAB008CF607 /* Assets.xcassets in Resources */ = {isa = PBXBuildFile; fileRef = 82FF325D28D0CFAB008CF607 /* Assets.xcassets */; };
		82FF326128D0CFAB008CF607 /* Preview Assets.xcassets in Resources */ = {isa = PBXBuildFile; fileRef = 82FF326028D0CFAB008CF607 /* Preview Assets.xcassets */; };
		82FF326B28D0CFAB008CF607 /* VoidProject_GoodbyeWorldTests.swift in Sources */ = {isa = PBXBuildFile; fileRef = 82FF326A28D0CFAB008CF607 /* VoidProject_GoodbyeWorldTests.swift */; };
		82FF327528D0CFAC008CF607 /* VoidProject_GoodbyeWorldUITests.swift in Sources */ = {isa = PBXBuildFile; fileRef = 82FF327428D0CFAC008CF607 /* VoidProject_GoodbyeWorldUITests.swift */; };
		82FF327728D0CFAC008CF607 /* VoidProject_GoodbyeWorldUITestsLaunchTests.swift in Sources */ = {isa = PBXBuildFile; fileRef = 82FF327628D0CFAC008CF607 /* VoidProject_GoodbyeWorldUITestsLaunchTests.swift */; };
/* End PBXBuildFile section */

/* Begin PBXContainerItemProxy section */
		82FF326728D0CFAB008CF607 /* PBXContainerItemProxy */ = {
			isa = PBXContainerItemProxy;
			containerPortal = 82FF324E28D0CFA7008CF607 /* Project object */;
			proxyType = 1;
			remoteGlobalIDString = 82FF325528D0CFA7008CF607;
			remoteInfo = VoidProject_GoodbyeWorld;
		};
		82FF327128D0CFAB008CF607 /* PBXContainerItemProxy */ = {
			isa = PBXContainerItemProxy;
			containerPortal = 82FF324E28D0CFA7008CF607 /* Project object */;
			proxyType = 1;
			remoteGlobalIDString = 82FF325528D0CFA7008CF607;
			remoteInfo = VoidProject_GoodbyeWorld;
		};
/* End PBXContainerItemProxy section */

/* Begin PBXFileReference section */
		82FF325628D0CFA7008CF607 /* VoidProject_GoodbyeWorld.app */ = {isa = PBXFileReference; explicitFileType = wrapper.application; includeInIndex = 0; path = VoidProject_GoodbyeWorld.app; sourceTree = BUILT_PRODUCTS_DIR; };
		82FF325928D0CFA7008CF607 /* VoidProject_GoodbyeWorldApp.swift */ = {isa = PBXFileReference; lastKnownFileType = sourcecode.swift; path = VoidProject_GoodbyeWorldApp.swift; sourceTree = "<group>"; };
		82FF325B28D0CFA7008CF607 /* ContentView.swift */ = {isa = PBXFileReference; lastKnownFileType = sourcecode.swift; path = ContentView.swift; sourceTree = "<group>"; };
		82FF325D28D0CFAB008CF607 /* Assets.xcassets */ = {isa = PBXFileReference; lastKnownFileType = folder.assetcatalog; path = Assets.xcassets; sourceTree = "<group>"; };
		82FF326028D0CFAB008CF607 /* Preview Assets.xcassets */ = {isa = PBXFileReference; lastKnownFileType = folder.assetcatalog; path = "Preview Assets.xcassets"; sourceTree = "<group>"; };
		82FF326628D0CFAB008CF607 /* VoidProject_GoodbyeWorldTests.xctest */ = {isa = PBXFileReference; explicitFileType = wrapper.cfbundle; includeInIndex = 0; path = VoidProject_GoodbyeWorldTests.xctest; sourceTree = BUILT_PRODUCTS_DIR; };
		82FF326A28D0CFAB008CF607 /* VoidProject_GoodbyeWorldTests.swift */ = {isa = PBXFileReference; lastKnownFileType = sourcecode.swift; path = VoidProject_GoodbyeWorldTests.swift; sourceTree = "<group>"; };
		82FF327028D0CFAB008CF607 /* VoidProject_GoodbyeWorldUITests.xctest */ = {isa = PBXFileReference; explicitFileType = wrapper.cfbundle; includeInIndex = 0; path = VoidProject_GoodbyeWorldUITests.xctest; sourceTree = BUILT_PRODUCTS_DIR; };
		82FF327428D0CFAC008CF607 /* VoidProject_GoodbyeWorldUITests.swift */ = {isa = PBXFileReference; lastKnownFileType = sourcecode.swift; path = VoidProject_GoodbyeWorldUITests.swift; sourceTree = "<group>"; };
		82FF327628D0CFAC008CF607 /* VoidProject_GoodbyeWorldUITestsLaunchTests.swift */ = {isa = PBXFileReference; lastKnownFileType = sourcecode.swift; path = VoidProject_GoodbyeWorldUITestsLaunchTests.swift; sourceTree = "<group>"; };
/* End PBXFileReference section */

/* Begin PBXFrameworksBuildPhase section */
		82FF325328D0CFA7008CF607 /* Frameworks */ = {
			isa = PBXFrameworksBuildPhase;
			buildActionMask = 2147483647;
			files = (
			);
			runOnlyForDeploymentPostprocessing = 0;
		};
		82FF326328D0CFAB008CF607 /* Frameworks */ = {
			isa = PBXFrameworksBuildPhase;
			buildActionMask = 2147483647;
			files = (
			);
			runOnlyForDeploymentPostprocessing = 0;
		};
		82FF326D28D0CFAB008CF607 /* Frameworks */ = {
			isa = PBXFrameworksBuildPhase;
			buildActionMask = 2147483647;
			files = (
			);
			runOnlyForDeploymentPostprocessing = 0;
		};
/* End PBXFrameworksBuildPhase section */

/* Begin PBXGroup section */
		82FF324D28D0CFA7008CF607 = {
			isa = PBXGroup;
			children = (
				82FF325828D0CFA7008CF607 /* VoidProject_GoodbyeWorld */,
				82FF326928D0CFAB008CF607 /* VoidProject_GoodbyeWorldTests */,
				82FF327328D0CFAC008CF607 /* VoidProject_GoodbyeWorldUITests */,
				82FF325728D0CFA7008CF607 /* Products */,
			);
			sourceTree = "<group>";
		};
		82FF325728D0CFA7008CF607 /* Products */ = {
			isa = PBXGroup;
			children = (
				82FF325628D0CFA7008CF607 /* VoidProject_GoodbyeWorld.app */,
				82FF326628D0CFAB008CF607 /* VoidProject_GoodbyeWorldTests.xctest */,
				82FF327028D0CFAB008CF607 /* VoidProject_GoodbyeWorldUITests.xctest */,
			);
			name = Products;
			sourceTree = "<group>";
		};
		82FF325828D0CFA7008CF607 /* VoidProject_GoodbyeWorld */ = {
			isa = PBXGroup;
			children = (
				82FF325928D0CFA7008CF607 /* VoidProject_GoodbyeWorldApp.swift */,
				82FF325B28D0CFA7008CF607 /* ContentView.swift */,
				82FF325D28D0CFAB008CF607 /* Assets.xcassets */,
				82FF325F28D0CFAB008CF607 /* Preview Content */,
			);
			path = VoidProject_GoodbyeWorld;
			sourceTree = "<group>";
		};
		82FF325F28D0CFAB008CF607 /* Preview Content */ = {
			isa = PBXGroup;
			children = (
				82FF326028D0CFAB008CF607 /* Preview Assets.xcassets */,
			);
			path = "Preview Content";
			sourceTree = "<group>";
		};
		82FF326928D0CFAB008CF607 /* VoidProject_GoodbyeWorldTests */ = {
			isa = PBXGroup;
			children = (
				82FF326A28D0CFAB008CF607 /* VoidProject_GoodbyeWorldTests.swift */,
			);
			path = VoidProject_GoodbyeWorldTests;
			sourceTree = "<group>";
		};
		82FF327328D0CFAC008CF607 /* VoidProject_GoodbyeWorldUITests */ = {
			isa = PBXGroup;
			children = (
				82FF327428D0CFAC008CF607 /* VoidProject_GoodbyeWorldUITests.swift */,
				82FF327628D0CFAC008CF607 /* VoidProject_GoodbyeWorldUITestsLaunchTests.swift */,
			);
			path = VoidProject_GoodbyeWorldUITests;
			sourceTree = "<group>";
		};
/* End PBXGroup section */

/* Begin PBXNativeTarget section */
		82FF325528D0CFA7008CF607 /* VoidProject_GoodbyeWorld */ = {
			isa = PBXNativeTarget;
			buildConfigurationList = 82FF327A28D0CFAC008CF607 /* Build configuration list for PBXNativeTarget "VoidProject_GoodbyeWorld" */;
			buildPhases = (
				82FF325228D0CFA7008CF607 /* Sources */,
				82FF325328D0CFA7008CF607 /* Frameworks */,
				82FF325428D0CFA7008CF607 /* Resources */,
			);
			buildRules = (
			);
			dependencies = (
			);
			name = VoidProject_GoodbyeWorld;
			productName = VoidProject_GoodbyeWorld;
			productReference = 82FF325628D0CFA7008CF607 /* VoidProject_GoodbyeWorld.app */;
			productType = "com.apple.product-type.application";
		};
		82FF326528D0CFAB008CF607 /* VoidProject_GoodbyeWorldTests */ = {
			isa = PBXNativeTarget;
			buildConfigurationList = 82FF327D28D0CFAC008CF607 /* Build configuration list for PBXNativeTarget "VoidProject_GoodbyeWorldTests" */;
			buildPhases = (
				82FF326228D0CFAB008CF607 /* Sources */,
				82FF326328D0CFAB008CF607 /* Frameworks */,
				82FF326428D0CFAB008CF607 /* Resources */,
			);
			buildRules = (
			);
			dependencies = (
				82FF326828D0CFAB008CF607 /* PBXTargetDependency */,
			);
			name = VoidProject_GoodbyeWorldTests;
			productName = VoidProject_GoodbyeWorldTests;
			productReference = 82FF326628D0CFAB008CF607 /* VoidProject_GoodbyeWorldTests.xctest */;
			productType = "com.apple.product-type.bundle.unit-test";
		};
		82FF326F28D0CFAB008CF607 /* VoidProject_GoodbyeWorldUITests */ = {
			isa = PBXNativeTarget;
			buildConfigurationList = 82FF328028D0CFAC008CF607 /* Build configuration list for PBXNativeTarget "VoidProject_GoodbyeWorldUITests" */;
			buildPhases = (
				82FF326C28D0CFAB008CF607 /* Sources */,
				82FF326D28D0CFAB008CF607 /* Frameworks */,
				82FF326E28D0CFAB008CF607 /* Resources */,
			);
			buildRules = (
			);
			dependencies = (
				82FF327228D0CFAB008CF607 /* PBXTargetDependency */,
			);
			name = VoidProject_GoodbyeWorldUITests;
			productName = VoidProject_GoodbyeWorldUITests;
			productReference = 82FF327028D0CFAB008CF607 /* VoidProject_GoodbyeWorldUITests.xctest */;
			productType = "com.apple.product-type.bundle.ui-testing";
		};
/* End PBXNativeTarget section */

/* Begin PBXProject section */
		82FF324E28D0CFA7008CF607 /* Project object */ = {
			isa = PBXProject;
			attributes = {
				BuildIndependentTargetsInParallel = 1;
				LastSwiftUpdateCheck = 1300;
				LastUpgradeCheck = 1300;
				TargetAttributes = {
					82FF325528D0CFA7008CF607 = {
						CreatedOnToolsVersion = 13.0;
					};
					82FF326528D0CFAB008CF607 = {
						CreatedOnToolsVersion = 13.0;
						TestTargetID = 82FF325528D0CFA7008CF607;
					};
					82FF326F28D0CFAB008CF607 = {
						CreatedOnToolsVersion = 13.0;
						TestTargetID = 82FF325528D0CFA7008CF607;
					};
				};
			};
			buildConfigurationList = 82FF325128D0CFA7008CF607 /* Build configuration list for PBXProject "VoidProject_GoodbyeWorld" */;
			compatibilityVersion = "Xcode 13.0";
			developmentRegion = en;
			hasScannedForEncodings = 0;
			knownRegions = (
				en,
				Base,
			);
			mainGroup = 82FF324D28D0CFA7008CF607;
			productRefGroup = 82FF325728D0CFA7008CF607 /* Products */;
			projectDirPath = "";
			projectRoot = "";
			targets = (
				82FF325528D0CFA7008CF607 /* VoidProject_GoodbyeWorld */,
				82FF326528D0CFAB008CF607 /* VoidProject_GoodbyeWorldTests */,
				82FF326F28D0CFAB008CF607 /* VoidProject_GoodbyeWorldUITests */,
			);
		};
/* End PBXProject section */

/* Begin PBXResourcesBuildPhase section */
		82FF325428D0CFA7008CF607 /* Resources */ = {
			isa = PBXResourcesBuildPhase;
			buildActionMask = 2147483647;
			files = (
				82FF326128D0CFAB008CF607 /* Preview Assets.xcassets in Resources */,
				82FF325E28D0CFAB008CF607 /* Assets.xcassets in Resources */,
			);
			runOnlyForDeploymentPostprocessing = 0;
		};
		82FF326428D0CFAB008CF607 /* Resources */ = {
			isa = PBXResourcesBuildPhase;
			buildActionMask = 2147483647;
			files = (
			);
			runOnlyForDeploymentPostprocessing = 0;
		};
		82FF326E28D0CFAB008CF607 /* Resources */ = {
			isa = PBXResourcesBuildPhase;
			buildActionMask = 2147483647;
			files = (
			);
			runOnlyForDeploymentPostprocessing = 0;
		};
/* End PBXResourcesBuildPhase section */

/* Begin PBXSourcesBuildPhase section */
		82FF325228D0CFA7008CF607 /* Sources */ = {
			isa = PBXSourcesBuildPhase;
			buildActionMask = 2147483647;
			files = (
				82FF325C28D0CFA7008CF607 /* ContentView.swift in Sources */,
				82FF325A28D0CFA7008CF607 /* VoidProject_GoodbyeWorldApp.swift in Sources */,
			);
			runOnlyForDeploymentPostprocessing = 0;
		};
		82FF326228D0CFAB008CF607 /* Sources */ = {
			isa = PBXSourcesBuildPhase;
			buildActionMask = 2147483647;
			files = (
				82FF326B28D0CFAB008CF607 /* VoidProject_GoodbyeWorldTests.swift in Sources */,
			);
			runOnlyForDeploymentPostprocessing = 0;
		};
		82FF326C28D0CFAB008CF607 /* Sources */ = {
			isa = PBXSourcesBuildPhase;
			buildActionMask = 2147483647;
			files = (
				82FF327528D0CFAC008CF607 /* VoidProject_GoodbyeWorldUITests.swift in Sources */,
				82FF327728D0CFAC008CF607 /* VoidProject_GoodbyeWorldUITestsLaunchTests.swift in Sources */,
			);
			runOnlyForDeploymentPostprocessing = 0;
		};
/* End PBXSourcesBuildPhase section */

/* Begin PBXTargetDependency section */
		82FF326828D0CFAB008CF607 /* PBXTargetDependency */ = {
			isa = PBXTargetDependency;
			target = 82FF325528D0CFA7008CF607 /* VoidProject_GoodbyeWorld */;
			targetProxy = 82FF326728D0CFAB008CF607 /* PBXContainerItemProxy */;
		};
		82FF327228D0CFAB008CF607 /* PBXTargetDependency */ = {
			isa = PBXTargetDependency;
			target = 82FF325528D0CFA7008CF607 /* VoidProject_GoodbyeWorld */;
			targetProxy = 82FF327128D0CFAB008CF607 /* PBXContainerItemProxy */;
		};
/* End PBXTargetDependency section */

/* Begin XCBuildConfiguration section */
		82FF327828D0CFAC008CF607 /* Debug */ = {
			isa = XCBuildConfiguration;
			buildSettings = {
				ALWAYS_SEARCH_USER_PATHS = NO;
				CLANG_ANALYZER_NONNULL = YES;
				CLANG_ANALYZER_NUMBER_OBJECT_CONVERSION = YES_AGGRESSIVE;
				CLANG_CXX_LANGUAGE_STANDARD = "gnu++17";
				CLANG_CXX_LIBRARY = "libc++";
				CLANG_ENABLE_MODULES = YES;
				CLANG_ENABLE_OBJC_ARC = YES;
				CLANG_ENABLE_OBJC_WEAK = YES;
				CLANG_WARN_BLOCK_CAPTURE_AUTORELEASING = YES;
				CLANG_WARN_BOOL_CONVERSION = YES;
				CLANG_WARN_COMMA = YES;
				CLANG_WARN_CONSTANT_CONVERSION = YES;
				CLANG_WARN_DEPRECATED_OBJC_IMPLEMENTATIONS = YES;
				CLANG_WARN_DIRECT_OBJC_ISA_USAGE = YES_ERROR;
				CLANG_WARN_DOCUMENTATION_COMMENTS = YES;
				CLANG_WARN_EMPTY_BODY = YES;
				CLANG_WARN_ENUM_CONVERSION = YES;
				CLANG_WARN_INFINITE_RECURSION = YES;
				CLANG_WARN_INT_CONVERSION = YES;
				CLANG_WARN_NON_LITERAL_NULL_CONVERSION = YES;
				CLANG_WARN_OBJC_IMPLICIT_RETAIN_SELF = YES;
				CLANG_WARN_OBJC_LITERAL_CONVERSION = YES;
				CLANG_WARN_OBJC_ROOT_CLASS = YES_ERROR;
				CLANG_WARN_QUOTED_INCLUDE_IN_FRAMEWORK_HEADER = YES;
				CLANG_WARN_RANGE_LOOP_ANALYSIS = YES;
				CLANG_WARN_STRICT_PROTOTYPES = YES;
				CLANG_WARN_SUSPICIOUS_MOVE = YES;
				CLANG_WARN_UNGUARDED_AVAILABILITY = YES_AGGRESSIVE;
				CLANG_WARN_UNREACHABLE_CODE = YES;
				CLANG_WARN__DUPLICATE_METHOD_MATCH = YES;
				COPY_PHASE_STRIP = NO;
				DEBUG_INFORMATION_FORMAT = dwarf;
				ENABLE_STRICT_OBJC_MSGSEND = YES;
				ENABLE_TESTABILITY = YES;
				GCC_C_LANGUAGE_STANDARD = gnu11;
				GCC_DYNAMIC_NO_PIC = NO;
				GCC_NO_COMMON_BLOCKS = YES;
				GCC_OPTIMIZATION_LEVEL = 0;
				GCC_PREPROCESSOR_DEFINITIONS = (
					"DEBUG=1",
					"$(inherited)",
				);
				GCC_WARN_64_TO_32_BIT_CONVERSION = YES;
				GCC_WARN_ABOUT_RETURN_TYPE = YES_ERROR;
				GCC_WARN_UNDECLARED_SELECTOR = YES;
				GCC_WARN_UNINITIALIZED_AUTOS = YES_AGGRESSIVE;
				GCC_WARN_UNUSED_FUNCTION = YES;
				GCC_WARN_UNUSED_VARIABLE = YES;
				IPHONEOS_DEPLOYMENT_TARGET = 15.0;
				MTL_ENABLE_DEBUG_INFO = INCLUDE_SOURCE;
				MTL_FAST_MATH = YES;
				ONLY_ACTIVE_ARCH = YES;
				SDKROOT = iphoneos;
				SWIFT_ACTIVE_COMPILATION_CONDITIONS = DEBUG;
				SWIFT_OPTIMIZATION_LEVEL = "-Onone";
			};
			name = Debug;
		};
		82FF327928D0CFAC008CF607 /* Release */ = {
			isa = XCBuildConfiguration;
			buildSettings = {
				ALWAYS_SEARCH_USER_PATHS = NO;
				CLANG_ANALYZER_NONNULL = YES;
				CLANG_ANALYZER_NUMBER_OBJECT_CONVERSION = YES_AGGRESSIVE;
				CLANG_CXX_LANGUAGE_STANDARD = "gnu++17";
				CLANG_CXX_LIBRARY = "libc++";
				CLANG_ENABLE_MODULES = YES;
				CLANG_ENABLE_OBJC_ARC = YES;
				CLANG_ENABLE_OBJC_WEAK = YES;
				CLANG_WARN_BLOCK_CAPTURE_AUTORELEASING = YES;
				CLANG_WARN_BOOL_CONVERSION = YES;
				CLANG_WARN_COMMA = YES;
				CLANG_WARN_CONSTANT_CONVERSION = YES;
				CLANG_WARN_DEPRECATED_OBJC_IMPLEMENTATIONS = YES;
				CLANG_WARN_DIRECT_OBJC_ISA_USAGE = YES_ERROR;
				CLANG_WARN_DOCUMENTATION_COMMENTS = YES;
				CLANG_WARN_EMPTY_BODY = YES;
				CLANG_WARN_ENUM_CONVERSION = YES;
				CLANG_WARN_INFINITE_RECURSION = YES;
				CLANG_WARN_INT_CONVERSION = YES;
				CLANG_WARN_NON_LITERAL_NULL_CONVERSION = YES;
				CLANG_WARN_OBJC_IMPLICIT_RETAIN_SELF = YES;
				CLANG_WARN_OBJC_LITERAL_CONVERSION = YES;
				CLANG_WARN_OBJC_ROOT_CLASS = YES_ERROR;
				CLANG_WARN_QUOTED_INCLUDE_IN_FRAMEWORK_HEADER = YES;
				CLANG_WARN_RANGE_LOOP_ANALYSIS = YES;
				CLANG_WARN_STRICT_PROTOTYPES = YES;
				CLANG_WARN_SUSPICIOUS_MOVE = YES;
				CLANG_WARN_UNGUARDED_AVAILABILITY = YES_AGGRESSIVE;
				CLANG_WARN_UNREACHABLE_CODE = YES;
				CLANG_WARN__DUPLICATE_METHOD_MATCH = YES;
				COPY_PHASE_STRIP = NO;
				DEBUG_INFORMATION_FORMAT = "dwarf-with-dsym";
				ENABLE_NS_ASSERTIONS = NO;
				ENABLE_STRICT_OBJC_MSGSEND = YES;
				GCC_C_LANGUAGE_STANDARD = gnu11;
				GCC_NO_COMMON_BLOCKS = YES;
				GCC_WARN_64_TO_32_BIT_CONVERSION = YES;
				GCC_WARN_ABOUT_RETURN_TYPE = YES_ERROR;
				GCC_WARN_UNDECLARED_SELECTOR = YES;
				GCC_WARN_UNINITIALIZED_AUTOS = YES_AGGRESSIVE;
				GCC_WARN_UNUSED_FUNCTION = YES;
				GCC_WARN_UNUSED_VARIABLE = YES;
				IPHONEOS_DEPLOYMENT_TARGET = 15.0;
				MTL_ENABLE_DEBUG_INFO = NO;
				MTL_FAST_MATH = YES;
				SDKROOT = iphoneos;
				SWIFT_COMPILATION_MODE = wholemodule;
				SWIFT_OPTIMIZATION_LEVEL = "-O";
				VALIDATE_PRODUCT = YES;
			};
			name = Release;
		};
		82FF327B28D0CFAC008CF607 /* Debug */ = {
			isa = XCBuildConfiguration;
			buildSettings = {
				ASSETCATALOG_COMPILER_APPICON_NAME = AppIcon;
				ASSETCATALOG_COMPILER_GLOBAL_ACCENT_COLOR_NAME = AccentColor;
				CODE_SIGN_STYLE = Automatic;
				CURRENT_PROJECT_VERSION = 1;
				DEVELOPMENT_ASSET_PATHS = "\"VoidProject_GoodbyeWorld/Preview Content\"";
				ENABLE_PREVIEWS = YES;
				GENERATE_INFOPLIST_FILE = YES;
				INFOPLIST_KEY_UIApplicationSceneManifest_Generation = YES;
				INFOPLIST_KEY_UIApplicationSupportsIndirectInputEvents = YES;
				INFOPLIST_KEY_UILaunchScreen_Generation = YES;
				INFOPLIST_KEY_UISupportedInterfaceOrientations_iPad = "UIInterfaceOrientationPortrait UIInterfaceOrientationPortraitUpsideDown UIInterfaceOrientationLandscapeLeft UIInterfaceOrientationLandscapeRight";
				INFOPLIST_KEY_UISupportedInterfaceOrientations_iPhone = "UIInterfaceOrientationPortrait UIInterfaceOrientationLandscapeLeft UIInterfaceOrientationLandscapeRight";
				IPHONEOS_DEPLOYMENT_TARGET = 15.0;
				LD_RUNPATH_SEARCH_PATHS = (
					"$(inherited)",
					"@executable_path/Frameworks",
				);
				MARKETING_VERSION = 1.0;
				PRODUCT_BUNDLE_IDENTIFIER = "com.voidprojects.goodbye-world.VoidProject-GoodbyeWorld";
				PRODUCT_NAME = "$(TARGET_NAME)";
				SWIFT_EMIT_LOC_STRINGS = YES;
				SWIFT_VERSION = 5.0;
				TARGETED_DEVICE_FAMILY = "1,2";
			};
			name = Debug;
		};
		82FF327C28D0CFAC008CF607 /* Release */ = {
			isa = XCBuildConfiguration;
			buildSettings = {
				ASSETCATALOG_COMPILER_APPICON_NAME = AppIcon;
				ASSETCATALOG_COMPILER_GLOBAL_ACCENT_COLOR_NAME = AccentColor;
				CODE_SIGN_STYLE = Automatic;
				CURRENT_PROJECT_VERSION = 1;
				DEVELOPMENT_ASSET_PATHS = "\"VoidProject_GoodbyeWorld/Preview Content\"";
				ENABLE_PREVIEWS = YES;
				GENERATE_INFOPLIST_FILE = YES;
				INFOPLIST_KEY_UIApplicationSceneManifest_Generation = YES;
				INFOPLIST_KEY_UIApplicationSupportsIndirectInputEvents = YES;
				INFOPLIST_KEY_UILaunchScreen_Generation = YES;
				INFOPLIST_KEY_UISupportedInterfaceOrientations_iPad = "UIInterfaceOrientationPortrait UIInterfaceOrientationPortraitUpsideDown UIInterfaceOrientationLandscapeLeft UIInterfaceOrientationLandscapeRight";
				INFOPLIST_KEY_UISupportedInterfaceOrientations_iPhone = "UIInterfaceOrientationPortrait UIInterfaceOrientationLandscapeLeft UIInterfaceOrientationLandscapeRight";
				IPHONEOS_DEPLOYMENT_TARGET = 15.0;
				LD_RUNPATH_SEARCH_PATHS = (
					"$(inherited)",
					"@executable_path/Frameworks",
				);
				MARKETING_VERSION = 1.0;
				PRODUCT_BUNDLE_IDENTIFIER = "com.voidprojects.goodbye-world.VoidProject-GoodbyeWorld";
				PRODUCT_NAME = "$(TARGET_NAME)";
				SWIFT_EMIT_LOC_STRINGS = YES;
				SWIFT_VERSION = 5.0;
				TARGETED_DEVICE_FAMILY = "1,2";
			};
			name = Release;
		};
		82FF327E28D0CFAC008CF607 /* Debug */ = {
			isa = XCBuildConfiguration;
			buildSettings = {
				ALWAYS_EMBED_SWIFT_STANDARD_LIBRARIES = YES;
				BUNDLE_LOADER = "$(TEST_HOST)";
				CODE_SIGN_STYLE = Automatic;
				CURRENT_PROJECT_VERSION = 1;
				GENERATE_INFOPLIST_FILE = YES;
				IPHONEOS_DEPLOYMENT_TARGET = 14.0;
				LD_RUNPATH_SEARCH_PATHS = (
					"$(inherited)",
					"@executable_path/Frameworks",
					"@loader_path/Frameworks",
				);
				MARKETING_VERSION = 1.0;
				PRODUCT_BUNDLE_IDENTIFIER = "com.voidprojects.goodbye-world.VoidProject-GoodbyeWorldTests";
				PRODUCT_NAME = "$(TARGET_NAME)";
				SWIFT_EMIT_LOC_STRINGS = NO;
				SWIFT_VERSION = 5.0;
				TARGETED_DEVICE_FAMILY = "1,2";
				TEST_HOST = "$(BUILT_PRODUCTS_DIR)/VoidProject_GoodbyeWorld.app/VoidProject_GoodbyeWorld";
			};
			name = Debug;
		};
		82FF327F28D0CFAC008CF607 /* Release */ = {
			isa = XCBuildConfiguration;
			buildSettings = {
				ALWAYS_EMBED_SWIFT_STANDARD_LIBRARIES = YES;
				BUNDLE_LOADER = "$(TEST_HOST)";
				CODE_SIGN_STYLE = Automatic;
				CURRENT_PROJECT_VERSION = 1;
				GENERATE_INFOPLIST_FILE = YES;
				IPHONEOS_DEPLOYMENT_TARGET = 14.0;
				LD_RUNPATH_SEARCH_PATHS = (
					"$(inherited)",
					"@executable_path/Frameworks",
					"@loader_path/Frameworks",
				);
				MARKETING_VERSION = 1.0;
				PRODUCT_BUNDLE_IDENTIFIER = "com.voidprojects.goodbye-world.VoidProject-GoodbyeWorldTests";
				PRODUCT_NAME = "$(TARGET_NAME)";
				SWIFT_EMIT_LOC_STRINGS = NO;
				SWIFT_VERSION = 5.0;
				TARGETED_DEVICE_FAMILY = "1,2";
				TEST_HOST = "$(BUILT_PRODUCTS_DIR)/VoidProject_GoodbyeWorld.app/VoidProject_GoodbyeWorld";
			};
			name = Release;
		};
		82FF328128D0CFAC008CF607 /* Debug */ = {
			isa = XCBuildConfiguration;
			buildSettings = {
				ALWAYS_EMBED_SWIFT_STANDARD_LIBRARIES = YES;
				CODE_SIGN_STYLE = Automatic;
				CURRENT_PROJECT_VERSION = 1;
				GENERATE_INFOPLIST_FILE = YES;
				LD_RUNPATH_SEARCH_PATHS = (
					"$(inherited)",
					"@executable_path/Frameworks",
					"@loader_path/Frameworks",
				);
				MARKETING_VERSION = 1.0;
				PRODUCT_BUNDLE_IDENTIFIER = "com.voidprojects.goodbye-world.VoidProject-GoodbyeWorldUITests";
				PRODUCT_NAME = "$(TARGET_NAME)";
				SWIFT_EMIT_LOC_STRINGS = NO;
				SWIFT_VERSION = 5.0;
				TARGETED_DEVICE_FAMILY = "1,2";
				TEST_TARGET_NAME = VoidProject_GoodbyeWorld;
			};
			name = Debug;
		};
		82FF328228D0CFAC008CF607 /* Release */ = {
			isa = XCBuildConfiguration;
			buildSettings = {
				ALWAYS_EMBED_SWIFT_STANDARD_LIBRARIES = YES;
				CODE_SIGN_STYLE = Automatic;
				CURRENT_PROJECT_VERSION = 1;
				GENERATE_INFOPLIST_FILE = YES;
				LD_RUNPATH_SEARCH_PATHS = (
					"$(inherited)",
					"@executable_path/Frameworks",
					"@loader_path/Frameworks",
				);
				MARKETING_VERSION = 1.0;
				PRODUCT_BUNDLE_IDENTIFIER = "com.voidprojects.goodbye-world.VoidProject-GoodbyeWorldUITests";
				PRODUCT_NAME = "$(TARGET_NAME)";
				SWIFT_EMIT_LOC_STRINGS = NO;
				SWIFT_VERSION = 5.0;
				TARGETED_DEVICE_FAMILY = "1,2";
				TEST_TARGET_NAME = VoidProject_GoodbyeWorld;
			};
			name = Release;
		};
/* End XCBuildConfiguration section */

/* Begin XCConfigurationList section */
		82FF325128D0CFA7008CF607 /* Build configuration list for PBXProject "VoidProject_GoodbyeWorld" */ = {
			isa = XCConfigurationList;
			buildConfigurations = (
				82FF327828D0CFAC008CF607 /* Debug */,
				82FF327928D0CFAC008CF607 /* Release */,
			);
			defaultConfigurationIsVisible = 0;
			defaultConfigurationName = Release;
		};
		82FF327A28D0CFAC008CF607 /* Build configuration list for PBXNativeTarget "VoidProject_GoodbyeWorld" */ = {
			isa = XCConfigurationList;
			buildConfigurations = (
				82FF327B28D0CFAC008CF607 /* Debug */,
				82FF327C28D0CFAC008CF607 /* Release */,
			);
			defaultConfigurationIsVisible = 0;
			defaultConfigurationName = Release;
		};
		82FF327D28D0CFAC008CF607 /* Build configuration list for PBXNativeTarget "VoidProject_GoodbyeWorldTests" */ = {
			isa = XCConfigurationList;
			buildConfigurations = (
				82FF327E28D0CFAC008CF607 /* Debug */,
				82FF327F28D0CFAC008CF607 /* Release */,
			);
			defaultConfigurationIsVisible = 0;
			defaultConfigurationName = Release;
		};
		82FF328028D0CFAC008CF607 /* Build configuration list for PBXNativeTarget "VoidProject_GoodbyeWorldUITests" */ = {
			isa = XCConfigurationList;
			buildConfigurations = (
				82FF328128D0CFAC008CF607 /* Debug */,
				82FF328228D0CFAC008CF607 /* Release */,
			);
			defaultConfigurationIsVisible = 0;
			defaultConfigurationName = Release;
		};
/* End XCConfigurationList section */
	};
	rootObject = 82FF324E28D0CFA7008CF607 /* Project object */;
}
